
Microsoft Visual Studio Solution File, Format Version 12.00
# Visual Studio 15
VisualStudioVersion = 15.0.26020.0
MinimumVisualStudioVersion = 10.0.40219.1
Project("{9A19103F-16F7-4668-BE54-9A1E7A4F7556}") = "Sharpenchat.Core", "src\Sharpenchat.Core\Sharpenchat.Core.csproj", "{72BEB45B-A032-47F4-B9B7-950C2A2F7940}"
EndProject
Project("{2150E333-8FDC-42A3-9474-1A3956D46DE8}") = "Plugins", "Plugins", "{973E23A8-567F-40E7-B5A6-C6E7C4B76F22}"
EndProject
Project("{FAE04EC0-301F-11D3-BF4B-00C04F79EFBC}") = "Sharpenchat.Plugins.JsonNet", "src\Sharpenchat.Plugins.JsonNet\Sharpenchat.Plugins.JsonNet.csproj", "{F5335143-1818-41B7-BEAF-8C772C6B4142}"
EndProject
Project("{FAE04EC0-301F-11D3-BF4B-00C04F79EFBC}") = "Sharpenchat", "src\Sharpenchat\Sharpenchat.csproj", "{FBD981AE-0259-43A7-9BA4-72B3E3F9CD95}"
EndProject
Project("{FAE04EC0-301F-11D3-BF4B-00C04F79EFBC}") = "Sharpenchat.Tests", "tests\Sharpenchat.Tests\Sharpenchat.Tests.csproj", "{89C69C3E-E4C5-477E-B8E3-7D374A56A41E}"
EndProject
Project("{FAE04EC0-301F-11D3-BF4B-00C04F79EFBC}") = "Sharpenchat.Plugins.Autofac", "src\Sharpenchat.Plugins.Autofac\Sharpenchat.Plugins.Autofac.csproj", "{73F76CBF-5980-4DE2-92D3-51675C13D24D}"
EndProject
Project("{2150E333-8FDC-42A3-9474-1A3956D46DE8}") = "Samples", "Samples", "{BDB40D15-A8B7-48AD-BBF7-DBCAEDF61AB1}"
EndProject
Project("{FAE04EC0-301F-11D3-BF4B-00C04F79EFBC}") = "Sample.Console", "samples\Sample.Console\Sample.Console.csproj", "{40A7FD18-CB87-45EF-878B-BA1C550A9E4E}"
EndProject
Project("{FAE04EC0-301F-11D3-BF4B-00C04F79EFBC}") = "Sharpenchat.Payment", "src\Sharpenchat.Payment\Sharpenchat.Payment.csproj", "{2DBF2E32-B13E-46BF-8BD3-9F38673B9B8E}"
EndProject
Global
	GlobalSection(SolutionConfigurationPlatforms) = preSolution
		Debug|Any CPU = Debug|Any CPU
		Debug|x64 = Debug|x64
		Debug|x86 = Debug|x86
		Release|Any CPU = Release|Any CPU
		Release|x64 = Release|x64
		Release|x86 = Release|x86
	EndGlobalSection
	GlobalSection(ProjectConfigurationPlatforms) = postSolution
		{72BEB45B-A032-47F4-B9B7-950C2A2F7940}.Debug|Any CPU.ActiveCfg = Debug|Any CPU
		{72BEB45B-A032-47F4-B9B7-950C2A2F7940}.Debug|Any CPU.Build.0 = Debug|Any CPU
		{72BEB45B-A032-47F4-B9B7-950C2A2F7940}.Debug|x64.ActiveCfg = Debug|x64
		{72BEB45B-A032-47F4-B9B7-950C2A2F7940}.Debug|x64.Build.0 = Debug|x64
		{72BEB45B-A032-47F4-B9B7-950C2A2F7940}.Debug|x86.ActiveCfg = Debug|x86
		{72BEB45B-A032-47F4-B9B7-950C2A2F7940}.Debug|x86.Build.0 = Debug|x86
		{72BEB45B-A032-47F4-B9B7-950C2A2F7940}.Release|Any CPU.ActiveCfg = Release|Any CPU
		{72BEB45B-A032-47F4-B9B7-950C2A2F7940}.Release|Any CPU.Build.0 = Release|Any CPU
		{72BEB45B-A032-47F4-B9B7-950C2A2F7940}.Release|x64.ActiveCfg = Release|x64
		{72BEB45B-A032-47F4-B9B7-950C2A2F7940}.Release|x64.Build.0 = Release|x64
		{72BEB45B-A032-47F4-B9B7-950C2A2F7940}.Release|x86.ActiveCfg = Release|x86
		{72BEB45B-A032-47F4-B9B7-950C2A2F7940}.Release|x86.Build.0 = Release|x86
		{F5335143-1818-41B7-BEAF-8C772C6B4142}.Debug|Any CPU.ActiveCfg = Debug|Any CPU
		{F5335143-1818-41B7-BEAF-8C772C6B4142}.Debug|Any CPU.Build.0 = Debug|Any CPU
		{F5335143-1818-41B7-BEAF-8C772C6B4142}.Debug|x64.ActiveCfg = Debug|x64
		{F5335143-1818-41B7-BEAF-8C772C6B4142}.Debug|x64.Build.0 = Debug|x64
		{F5335143-1818-41B7-BEAF-8C772C6B4142}.Debug|x86.ActiveCfg = Debug|x86
		{F5335143-1818-41B7-BEAF-8C772C6B4142}.Debug|x86.Build.0 = Debug|x86
		{F5335143-1818-41B7-BEAF-8C772C6B4142}.Release|Any CPU.ActiveCfg = Release|Any CPU
		{F5335143-1818-41B7-BEAF-8C772C6B4142}.Release|Any CPU.Build.0 = Release|Any CPU
		{F5335143-1818-41B7-BEAF-8C772C6B4142}.Release|x64.ActiveCfg = Release|x64
		{F5335143-1818-41B7-BEAF-8C772C6B4142}.Release|x64.Build.0 = Release|x64
		{F5335143-1818-41B7-BEAF-8C772C6B4142}.Release|x86.ActiveCfg = Release|x86
		{F5335143-1818-41B7-BEAF-8C772C6B4142}.Release|x86.Build.0 = Release|x86
		{FBD981AE-0259-43A7-9BA4-72B3E3F9CD95}.Debug|Any CPU.ActiveCfg = Debug|Any CPU
		{FBD981AE-0259-43A7-9BA4-72B3E3F9CD95}.Debug|Any CPU.Build.0 = Debug|Any CPU
		{FBD981AE-0259-43A7-9BA4-72B3E3F9CD95}.Debug|x64.ActiveCfg = Debug|x64
		{FBD981AE-0259-43A7-9BA4-72B3E3F9CD95}.Debug|x64.Build.0 = Debug|x64
		{FBD981AE-0259-43A7-9BA4-72B3E3F9CD95}.Debug|x86.ActiveCfg = Debug|x86
		{FBD981AE-0259-43A7-9BA4-72B3E3F9CD95}.Debug|x86.Build.0 = Debug|x86
		{FBD981AE-0259-43A7-9BA4-72B3E3F9CD95}.Release|Any CPU.ActiveCfg = Release|Any CPU
		{FBD981AE-0259-43A7-9BA4-72B3E3F9CD95}.Release|Any CPU.Build.0 = Release|Any CPU
		{FBD981AE-0259-43A7-9BA4-72B3E3F9CD95}.Release|x64.ActiveCfg = Release|x64
		{FBD981AE-0259-43A7-9BA4-72B3E3F9CD95}.Release|x64.Build.0 = Release|x64
		{FBD981AE-0259-43A7-9BA4-72B3E3F9CD95}.Release|x86.ActiveCfg = Release|x86
		{FBD981AE-0259-43A7-9BA4-72B3E3F9CD95}.Release|x86.Build.0 = Release|x86
		{89C69C3E-E4C5-477E-B8E3-7D374A56A41E}.Debug|Any CPU.ActiveCfg = Debug|Any CPU
		{89C69C3E-E4C5-477E-B8E3-7D374A56A41E}.Debug|Any CPU.Build.0 = Debug|Any CPU
		{89C69C3E-E4C5-477E-B8E3-7D374A56A41E}.Debug|x64.ActiveCfg = Debug|x64
		{89C69C3E-E4C5-477E-B8E3-7D374A56A41E}.Debug|x64.Build.0 = Debug|x64
		{89C69C3E-E4C5-477E-B8E3-7D374A56A41E}.Debug|x86.ActiveCfg = Debug|x86
		{89C69C3E-E4C5-477E-B8E3-7D374A56A41E}.Debug|x86.Build.0 = Debug|x86
		{89C69C3E-E4C5-477E-B8E3-7D374A56A41E}.Release|Any CPU.ActiveCfg = Release|Any CPU
		{89C69C3E-E4C5-477E-B8E3-7D374A56A41E}.Release|Any CPU.Build.0 = Release|Any CPU
		{89C69C3E-E4C5-477E-B8E3-7D374A56A41E}.Release|x64.ActiveCfg = Release|x64
		{89C69C3E-E4C5-477E-B8E3-7D374A56A41E}.Release|x64.Build.0 = Release|x64
		{89C69C3E-E4C5-477E-B8E3-7D374A56A41E}.Release|x86.ActiveCfg = Release|x86
		{89C69C3E-E4C5-477E-B8E3-7D374A56A41E}.Release|x86.Build.0 = Release|x86
		{73F76CBF-5980-4DE2-92D3-51675C13D24D}.Debug|Any CPU.ActiveCfg = Debug|Any CPU
		{73F76CBF-5980-4DE2-92D3-51675C13D24D}.Debug|Any CPU.Build.0 = Debug|Any CPU
		{73F76CBF-5980-4DE2-92D3-51675C13D24D}.Debug|x64.ActiveCfg = Debug|x64
		{73F76CBF-5980-4DE2-92D3-51675C13D24D}.Debug|x64.Build.0 = Debug|x64
		{73F76CBF-5980-4DE2-92D3-51675C13D24D}.Debug|x86.ActiveCfg = Debug|x86
		{73F76CBF-5980-4DE2-92D3-51675C13D24D}.Debug|x86.Build.0 = Debug|x86
		{73F76CBF-5980-4DE2-92D3-51675C13D24D}.Release|Any CPU.ActiveCfg = Release|Any CPU
		{73F76CBF-5980-4DE2-92D3-51675C13D24D}.Release|Any CPU.Build.0 = Release|Any CPU
		{73F76CBF-5980-4DE2-92D3-51675C13D24D}.Release|x64.ActiveCfg = Release|x64
		{73F76CBF-5980-4DE2-92D3-51675C13D24D}.Release|x64.Build.0 = Release|x64
		{73F76CBF-5980-4DE2-92D3-51675C13D24D}.Release|x86.ActiveCfg = Release|x86
		{73F76CBF-5980-4DE2-92D3-51675C13D24D}.Release|x86.Build.0 = Release|x86
		{40A7FD18-CB87-45EF-878B-BA1C550A9E4E}.Debug|Any CPU.ActiveCfg = Debug|Any CPU
		{40A7FD18-CB87-45EF-878B-BA1C550A9E4E}.Debug|Any CPU.Build.0 = Debug|Any CPU
		{40A7FD18-CB87-45EF-878B-BA1C550A9E4E}.Debug|x64.ActiveCfg = Debug|x64
		{40A7FD18-CB87-45EF-878B-BA1C550A9E4E}.Debug|x64.Build.0 = Debug|x64
		{40A7FD18-CB87-45EF-878B-BA1C550A9E4E}.Debug|x86.ActiveCfg = Debug|x86
		{40A7FD18-CB87-45EF-878B-BA1C550A9E4E}.Debug|x86.Build.0 = Debug|x86
		{40A7FD18-CB87-45EF-878B-BA1C550A9E4E}.Release|Any CPU.ActiveCfg = Release|Any CPU
		{40A7FD18-CB87-45EF-878B-BA1C550A9E4E}.Release|Any CPU.Build.0 = Release|Any CPU
		{40A7FD18-CB87-45EF-878B-BA1C550A9E4E}.Release|x64.ActiveCfg = Release|x64
		{40A7FD18-CB87-45EF-878B-BA1C550A9E4E}.Release|x64.Build.0 = Release|x64
		{40A7FD18-CB87-45EF-878B-BA1C550A9E4E}.Release|x86.ActiveCfg = Release|x86
		{40A7FD18-CB87-45EF-878B-BA1C550A9E4E}.Release|x86.Build.0 = Release|x86
		{2DBF2E32-B13E-46BF-8BD3-9F38673B9B8E}.Debug|Any CPU.ActiveCfg = Debug|Any CPU
		{2DBF2E32-B13E-46BF-8BD3-9F38673B9B8E}.Debug|Any CPU.Build.0 = Debug|Any CPU
		{2DBF2E32-B13E-46BF-8BD3-9F38673B9B8E}.Debug|x64.ActiveCfg = Debug|x64
		{2DBF2E32-B13E-46BF-8BD3-9F38673B9B8E}.Debug|x64.Build.0 = Debug|x64
		{2DBF2E32-B13E-46BF-8BD3-9F38673B9B8E}.Debug|x86.ActiveCfg = Debug|x86
		{2DBF2E32-B13E-46BF-8BD3-9F38673B9B8E}.Debug|x86.Build.0 = Debug|x86
		{2DBF2E32-B13E-46BF-8BD3-9F38673B9B8E}.Release|Any CPU.ActiveCfg = Release|Any CPU
		{2DBF2E32-B13E-46BF-8BD3-9F38673B9B8E}.Release|Any CPU.Build.0 = Release|Any CPU
		{2DBF2E32-B13E-46BF-8BD3-9F38673B9B8E}.Release|x64.ActiveCfg = Release|x64
		{2DBF2E32-B13E-46BF-8BD3-9F38673B9B8E}.Release|x64.Build.0 = Release|x64
		{2DBF2E32-B13E-46BF-8BD3-9F38673B9B8E}.Release|x86.ActiveCfg = Release|x86
		{2DBF2E32-B13E-46BF-8BD3-9F38673B9B8E}.Release|x86.Build.0 = Release|x86
	EndGlobalSection
	GlobalSection(SolutionProperties) = preSolution
		HideSolutionNode = FALSE
	EndGlobalSection
	GlobalSection(NestedProjects) = preSolution
		{F5335143-1818-41B7-BEAF-8C772C6B4142} = {973E23A8-567F-40E7-B5A6-C6E7C4B76F22}
		{73F76CBF-5980-4DE2-92D3-51675C13D24D} = {973E23A8-567F-40E7-B5A6-C6E7C4B76F22}
		{40A7FD18-CB87-45EF-878B-BA1C550A9E4E} = {BDB40D15-A8B7-48AD-BBF7-DBCAEDF61AB1}
	EndGlobalSection
EndGlobal
